<?xml version="1.0" encoding="utf-8"?>
<Project ToolsVersion="4.0" xmlns="http://schemas.microsoft.com/developer/msbuild/2003">
  <ItemGroup>
    <Filter Include="Source Files">
      <UniqueIdentifier>{4FC737F1-C7A5-4376-A066-2A32D752A2FF}</UniqueIdentifier>
      <Extensions>cpp;c;cxx;def;odl;idl;hpj;bat;asm;asmx</Extensions>
    </Filter>
    <Filter Include="Header Files">
      <UniqueIdentifier>{93995380-89BD-4b04-88EB-625FBE52EBFB}</UniqueIdentifier>
      <Extensions>h;hpp;hxx;hm;inl;inc;xsd</Extensions>
    </Filter>
    <Filter Include="Resource Files">
      <UniqueIdentifier>{67DA6AB6-F800-4c08-8B7A-83BB121AAD01}</UniqueIdentifier>
      <Extensions>rc;ico;cur;bmp;dlg;rc2;rct;bin;rgs;gif;jpg;jpeg;jpe;resx</Extensions>
    </Filter>
  </ItemGroup>
  <ItemGroup>
    <ClCompile Include="audio.cpp">
      <Filter>Source Files</Filter>
    </ClCompile>
    <ClCompile Include="bdma_type12.cpp">
      <Filter>Source Files</Filter>
    </ClCompile>
    <ClCompile Include="bdma_type5.cpp">
      <Filter>Source Files</Filter>
    </ClCompile>
    <ClCompile Include="bdma_type8.cpp">
      <Filter>Source Files</Filter>
    </ClCompile>
    <ClCompile Include="bdma_type9.cpp">
      <Filter>Source Files</Filter>
    </ClCompile>
    <ClCompile Include="bios.cpp">
      <Filter>Source Files</Filter>
    </ClCompile>
    <ClCompile Include="byteswap.cpp">
      <Filter>Source Files</Filter>
    </ClCompile>
    <ClCompile Include="coff.cpp">
      <Filter>Source Files</Filter>
    </ClCompile>
    <ClCompile Include="comm.cpp">
      <Filter>Source Files</Filter>
    </ClCompile>
    <ClCompile Include="DecodeALU.cpp">
      <Filter>Source Files</Filter>
    </ClCompile>
    <ClCompile Include="DecodeECU.cpp">
      <Filter>Source Files</Filter>
    </ClCompile>
    <ClCompile Include="DecodeMEM.cpp">
      <Filter>Source Files</Filter>
    </ClCompile>
    <ClCompile Include="DecodeMUL.cpp">
      <Filter>Source Files</Filter>
    </ClCompile>
    <ClCompile Include="DecodeRCU.cpp">
      <Filter>Source Files</Filter>
    </ClCompile>
    <ClCompile Include="dma.cpp">
      <Filter>Source Files</Filter>
    </ClCompile>
    <ClCompile Include="EmitALU.cpp">
      <Filter>Source Files</Filter>
    </ClCompile>
    <ClCompile Include="EmitECU.cpp">
      <Filter>Source Files</Filter>
    </ClCompile>
    <ClCompile Include="EmitMEM.cpp">
      <Filter>Source Files</Filter>
    </ClCompile>
    <ClCompile Include="EmitMisc.cpp">
      <Filter>Source Files</Filter>
    </ClCompile>
    <ClCompile Include="EmitMUL.cpp">
      <Filter>Source Files</Filter>
    </ClCompile>
    <ClCompile Include="EmitRCU.cpp">
      <Filter>Source Files</Filter>
    </ClCompile>
    <ClCompile Include="ExecuteALU.cpp">
      <Filter>Source Files</Filter>
    </ClCompile>
    <ClCompile Include="ExecuteECU.cpp">
      <Filter>Source Files</Filter>
    </ClCompile>
    <ClCompile Include="ExecuteMEM.cpp">
      <Filter>Source Files</Filter>
    </ClCompile>
    <ClCompile Include="ExecuteMisc.cpp">
      <Filter>Source Files</Filter>
    </ClCompile>
    <ClCompile Include="ExecuteMUL.cpp">
      <Filter>Source Files</Filter>
    </ClCompile>
    <ClCompile Include="ExecuteRCU.cpp">
      <Filter>Source Files</Filter>
    </ClCompile>
    <ClCompile Include="file.cpp">
      <Filter>Source Files</Filter>
    </ClCompile>
    <ClCompile Include="FlashEEPROM.cpp">
      <Filter>Source Files</Filter>
    </ClCompile>
    <ClCompile Include="GLWindow.cpp">
      <Filter>Source Files</Filter>
    </ClCompile>
    <ClCompile Include="InstructionCache.cpp">
      <Filter>Source Files</Filter>
    </ClCompile>
    <ClCompile Include="joystick.cpp">
      <Filter>Source Files</Filter>
    </ClCompile>
    <ClCompile Include="media.cpp">
      <Filter>Source Files</Filter>
    </ClCompile>
    <ClCompile Include="memory.cpp">
      <Filter>Source Files</Filter>
    </ClCompile>
    <ClCompile Include="MemoryManager.cpp">
      <Filter>Source Files</Filter>
    </ClCompile>
    <ClCompile Include="mpe.cpp">
      <Filter>Source Files</Filter>
    </ClCompile>
    <ClCompile Include="mpe_alloc.cpp">
      <Filter>Source Files</Filter>
    </ClCompile>
    <ClCompile Include="MPEControlRegisters.cpp">
      <Filter>Source Files</Filter>
    </ClCompile>
    <ClCompile Include="nativecodecache.cpp">
      <Filter>Source Files</Filter>
    </ClCompile>
    <ClCompile Include="NuanceMain.cpp">
      <Filter>Source Files</Filter>
    </ClCompile>
    <ClCompile Include="NuonEnvironment.cpp">
      <Filter>Source Files</Filter>
    </ClCompile>
    <ClCompile Include="NuonMemoryManager.cpp">
      <Filter>Source Files</Filter>
    </ClCompile>
    <ClCompile Include="nuonrom.cpp">
      <Filter>Source Files</Filter>
    </ClCompile>
    <ClCompile Include="OverlayManager.cpp">
      <Filter>Source Files</Filter>
    </ClCompile>
    <ClCompile Include="PageMap.cpp">
      <Filter>Source Files</Filter>
    </ClCompile>
    <ClCompile Include="PatchManager.cpp">
      <Filter>Source Files</Filter>
    </ClCompile>
    <ClCompile Include="PerformanceTimer.cpp">
      <Filter>Source Files</Filter>
    </ClCompile>
    <ClCompile Include="PresentationEngine.cpp">
      <Filter>Source Files</Filter>
    </ClCompile>
    <ClCompile Include="PrintALU.cpp">
      <Filter>Source Files</Filter>
    </ClCompile>
    <ClCompile Include="PrintECU.cpp">
      <Filter>Source Files</Filter>
    </ClCompile>
    <ClCompile Include="PrintMEM.cpp">
      <Filter>Source Files</Filter>
    </ClCompile>
    <ClCompile Include="PrintMisc.cpp">
      <Filter>Source Files</Filter>
    </ClCompile>
    <ClCompile Include="PrintMUL.cpp">
      <Filter>Source Files</Filter>
    </ClCompile>
    <ClCompile Include="PrintRCU.cpp">
      <Filter>Source Files</Filter>
    </ClCompile>
    <ClCompile Include="PropagateConstants_ALU.cpp">
      <Filter>Source Files</Filter>
    </ClCompile>
    <ClCompile Include="PropagateConstants_ECU.cpp">
      <Filter>Source Files</Filter>
    </ClCompile>
    <ClCompile Include="PropagateConstants_MEM.cpp">
      <Filter>Source Files</Filter>
    </ClCompile>
    <ClCompile Include="PropagateConstants_MUL.cpp">
      <Filter>Source Files</Filter>
    </ClCompile>
    <ClCompile Include="PropagateConstants_RCU.cpp">
      <Filter>Source Files</Filter>
    </ClCompile>
    <ClCompile Include="PropagateConstantsHandlers.cpp">
      <Filter>Source Files</Filter>
    </ClCompile>
    <ClCompile Include="ShaderProgram.cpp">
      <Filter>Source Files</Filter>
    </ClCompile>
    <ClCompile Include="SuperBlock.cpp">
      <Filter>Source Files</Filter>
    </ClCompile>
    <ClCompile Include="SuperBlockConstants.cpp">
      <Filter>Source Files</Filter>
    </ClCompile>
    <ClCompile Include="Syscall.cpp">
      <Filter>Source Files</Filter>
    </ClCompile>
    <ClCompile Include="TestConditionCode.cpp">
      <Filter>Source Files</Filter>
    </ClCompile>
    <ClCompile Include="timer.cpp">
      <Filter>Source Files</Filter>
    </ClCompile>
    <ClCompile Include="Utility.cpp">
      <Filter>Source Files</Filter>
    </ClCompile>
    <ClCompile Include="video.cpp">
      <Filter>Source Files</Filter>
    </ClCompile>
    <ClCompile Include="CriticalSection.cpp">
      <Filter>Source Files</Filter>
    </ClCompile>
  </ItemGroup>
  <ItemGroup>
    <ClInclude Include="audio.h">
      <Filter>Header Files</Filter>
    </ClInclude>
    <ClInclude Include="basetypes.h">
      <Filter>Header Files</Filter>
    </ClInclude>
    <ClInclude Include="bdma_type12.h">
      <Filter>Header Files</Filter>
    </ClInclude>
    <ClInclude Include="bdma_type5.h">
      <Filter>Header Files</Filter>
    </ClInclude>
    <ClInclude Include="bdma_type9.h">
      <Filter>Header Files</Filter>
    </ClInclude>
    <ClInclude Include="Bios.h">
      <Filter>Header Files</Filter>
    </ClInclude>
    <ClInclude Include="byteswap.h">
      <Filter>Header Files</Filter>
    </ClInclude>
    <ClInclude Include="coff.h">
      <Filter>Header Files</Filter>
    </ClInclude>
    <ClInclude Include="comm.h">
      <Filter>Header Files</Filter>
    </ClInclude>
    <ClInclude Include="CriticalSection.h">
      <Filter>Header Files</Filter>
    </ClInclude>
    <ClInclude Include="DecodeALU.h">
      <Filter>Header Files</Filter>
    </ClInclude>
    <ClInclude Include="DecodeECU.h">
      <Filter>Header Files</Filter>
    </ClInclude>
    <ClInclude Include="DecodeMEM.h">
      <Filter>Header Files</Filter>
    </ClInclude>
    <ClInclude Include="DecodeMUL.h">
      <Filter>Header Files</Filter>
    </ClInclude>
    <ClInclude Include="DecodeRCU.h">
      <Filter>Header Files</Filter>
    </ClInclude>
    <ClInclude Include="dma.h">
      <Filter>Header Files</Filter>
    </ClInclude>
    <ClInclude Include="EmitALU.h">
      <Filter>Header Files</Filter>
    </ClInclude>
    <ClInclude Include="EmitECU.h">
      <Filter>Header Files</Filter>
    </ClInclude>
    <ClInclude Include="EmitMEM.h">
      <Filter>Header Files</Filter>
    </ClInclude>
    <ClInclude Include="EmitMisc.h">
      <Filter>Header Files</Filter>
    </ClInclude>
    <ClInclude Include="EmitMUL.h">
      <Filter>Header Files</Filter>
    </ClInclude>
    <ClInclude Include="EmitRCU.h">
      <Filter>Header Files</Filter>
    </ClInclude>
    <ClInclude Include="ExecuteALU.h">
      <Filter>Header Files</Filter>
    </ClInclude>
    <ClInclude Include="ExecuteECU.h">
      <Filter>Header Files</Filter>
    </ClInclude>
    <ClInclude Include="ExecuteMEM.h">
      <Filter>Header Files</Filter>
    </ClInclude>
    <ClInclude Include="ExecuteMisc.h">
      <Filter>Header Files</Filter>
    </ClInclude>
    <ClInclude Include="ExecuteMUL.h">
      <Filter>Header Files</Filter>
    </ClInclude>
    <ClInclude Include="ExecuteRCU.h">
      <Filter>Header Files</Filter>
    </ClInclude>
    <ClInclude Include="file.h">
      <Filter>Header Files</Filter>
    </ClInclude>
    <ClInclude Include="FlashEEPROM.h">
      <Filter>Header Files</Filter>
    </ClInclude>
    <ClInclude Include="GLWindow.h">
      <Filter>Header Files</Filter>
    </ClInclude>
    <ClInclude Include="Handlers.h">
      <Filter>Header Files</Filter>
    </ClInclude>
    <ClInclude Include="InstructionCache.h">
      <Filter>Header Files</Filter>
    </ClInclude>
    <ClInclude Include="InstructionDependencies.h">
      <Filter>Header Files</Filter>
    </ClInclude>
    <ClInclude Include="joystick.h">
      <Filter>Header Files</Filter>
    </ClInclude>
    <ClInclude Include="media.h">
      <Filter>Header Files</Filter>
    </ClInclude>
    <ClInclude Include="memory.h">
      <Filter>Header Files</Filter>
    </ClInclude>
    <ClInclude Include="MemoryManager.h">
      <Filter>Header Files</Filter>
    </ClInclude>
    <ClInclude Include="mpe.h">
      <Filter>Header Files</Filter>
    </ClInclude>
    <ClInclude Include="mpe_alloc.h">
      <Filter>Header Files</Filter>
    </ClInclude>
    <ClInclude Include="nativecodecache.h">
      <Filter>Header Files</Filter>
    </ClInclude>
    <ClInclude Include="NuanceRes.h">
      <Filter>Header Files</Filter>
    </ClInclude>
    <ClInclude Include="NuonEnvironment.h">
      <Filter>Header Files</Filter>
    </ClInclude>
    <ClInclude Include="NuonMemoryManager.h">
      <Filter>Header Files</Filter>
    </ClInclude>
    <ClInclude Include="NuonMemoryMap.h">
      <Filter>Header Files</Filter>
    </ClInclude>
    <ClInclude Include="nuonrom.h">
      <Filter>Header Files</Filter>
    </ClInclude>
    <ClInclude Include="OverlayManager.h">
      <Filter>Header Files</Filter>
    </ClInclude>
    <ClInclude Include="PageMap.h">
      <Filter>Header Files</Filter>
    </ClInclude>
    <ClInclude Include="PatchManager.h">
      <Filter>Header Files</Filter>
    </ClInclude>
    <ClInclude Include="PerformanceTimer.h">
      <Filter>Header Files</Filter>
    </ClInclude>
    <ClInclude Include="PrintALU.h">
      <Filter>Header Files</Filter>
    </ClInclude>
    <ClInclude Include="PrintECU.h">
      <Filter>Header Files</Filter>
    </ClInclude>
    <ClInclude Include="PrintMEM.h">
      <Filter>Header Files</Filter>
    </ClInclude>
    <ClInclude Include="PrintMisc.h">
      <Filter>Header Files</Filter>
    </ClInclude>
    <ClInclude Include="PrintMUL.h">
      <Filter>Header Files</Filter>
    </ClInclude>
    <ClInclude Include="PrintRCU.h">
      <Filter>Header Files</Filter>
    </ClInclude>
    <ClInclude Include="PropagateConstants.h">
      <Filter>Header Files</Filter>
    </ClInclude>
    <ClInclude Include="PropagateConstants_ALU.h">
      <Filter>Header Files</Filter>
    </ClInclude>
    <ClInclude Include="PropagateConstants_ECU.h">
      <Filter>Header Files</Filter>
    </ClInclude>
    <ClInclude Include="PropagateConstants_MEM.h">
      <Filter>Header Files</Filter>
    </ClInclude>
    <ClInclude Include="PropagateConstants_MUL.h">
      <Filter>Header Files</Filter>
    </ClInclude>
    <ClInclude Include="PropagateConstants_RCU.h">
      <Filter>Header Files</Filter>
    </ClInclude>
    <ClInclude Include="resource.h">
      <Filter>Header Files</Filter>
    </ClInclude>
    <ClInclude Include="ShaderProgram.h">
      <Filter>Header Files</Filter>
    </ClInclude>
    <ClInclude Include="SuperBlock.h">
      <Filter>Header Files</Filter>
    </ClInclude>
    <ClInclude Include="SuperBlockConstants.h">
      <Filter>Header Files</Filter>
    </ClInclude>
    <ClInclude Include="Syscall.h">
      <Filter>Header Files</Filter>
    </ClInclude>
    <ClInclude Include="timer.h">
      <Filter>Header Files</Filter>
    </ClInclude>
    <ClInclude Include="Utility.h">
      <Filter>Header Files</Filter>
    </ClInclude>
    <ClInclude Include="video.h">
      <Filter>Header Files</Filter>
    </ClInclude>
    <ClInclude Include="X86EmitTypes.h">
      <Filter>Header Files</Filter>
    </ClInclude>
    <ClInclude Include="bdma_type8.h">
      <Filter>Header Files</Filter>
    </ClInclude>
    <ClInclude Include="PresentationEngine.h">
      <Filter>Header Files</Filter>
    </ClInclude>
    <ClInclude Include="external\fmod-3.75\api\inc\fmod.h">
      <Filter>Header Files</Filter>
    </ClInclude>
    <ClInclude Include="external\glew-2.2.0\include\GL\glew.h">
      <Filter>Header Files</Filter>
    </ClInclude>
    <ClInclude Include="external\glew-2.2.0\include\GL\wglew.h">
      <Filter>Header Files</Filter>
    </ClInclude>
    <ClInclude Include="external\xxh3.h">
      <Filter>Header Files</Filter>
    </ClInclude>
    <ClInclude Include="external\xxhash.h">
      <Filter>Header Files</Filter>
    </ClInclude>
  </ItemGroup>
  <ItemGroup>
    <Image Include="bitmap1.bmp">
      <Filter>Resource Files</Filter>
    </Image>
    <Image Include="led_off.bmp">
      <Filter>Resource Files</Filter>
    </Image>
    <Image Include="led_on.bmp">
      <Filter>Resource Files</Filter>
    </Image>
    <Image Include="Nuance.ico">
      <Filter>Resource Files</Filter>
    </Image>
    <Image Include="NuanceLogo.bmp">
      <Filter>Resource Files</Filter>
    </Image>
  </ItemGroup>
  <ItemGroup>
    <ResourceCompile Include="Nuance.rc">
      <Filter>Resource Files</Filter>
    </ResourceCompile>
  </ItemGroup>
</Project>