<?xml version="1.0" encoding="utf-8"?>
<Project ToolsVersion="4.0" xmlns="http://schemas.microsoft.com/developer/msbuild/2003">
  <ItemGroup>
    <Filter Include="Source Files">
      <UniqueIdentifier>{4FC737F1-C7A5-4376-A066-2A32D752A2FF}</UniqueIdentifier>
      <Extensions>cpp;c;cxx;def;odl;idl;hpj;bat;asm;asmx</Extensions>
    </Filter>
    <Filter Include="Header Files">
      <UniqueIdentifier>{93995380-89BD-4b04-88EB-625FBE52EBFB}</UniqueIdentifier>
      <Extensions>h;hpp;hxx;hm;inl;inc;xsd</Extensions>
    </Filter>
    <Filter Include="Resource Files">
      <UniqueIdentifier>{67DA6AB6-F800-4c08-8B7A-83BB121AAD01}</UniqueIdentifier>
      <Extensions>rc;ico;cur;bmp;dlg;rc2;rct;bin;rgs;gif;jpg;jpeg;jpe;resx</Extensions>
    </Filter>
  </ItemGroup>
  <ItemGroup>
    <ClCompile Include="external\miniaudio_impl.cpp">
      <Filter>Source Files</Filter>
    </ClCompile>
    <ClCompile Include="third_party\libchdr\src\libchdr_bitstream.c">
      <Filter>Source Files</Filter>
    </ClCompile>
    <ClCompile Include="third_party\libchdr\src\libchdr_cdrom.c">
      <Filter>Source Files</Filter>
    </ClCompile>
    <ClCompile Include="third_party\libchdr\src\libchdr_chd.c">
      <Filter>Source Files</Filter>
    </ClCompile>
    <ClCompile Include="third_party\libchdr\src\libchdr_codec_cdfl.c">
      <Filter>Source Files</Filter>
    </ClCompile>
    <ClCompile Include="third_party\libchdr\src\libchdr_codec_cdlz.c">
      <Filter>Source Files</Filter>
    </ClCompile>
    <ClCompile Include="third_party\libchdr\src\libchdr_codec_cdzl.c">
      <Filter>Source Files</Filter>
    </ClCompile>
    <ClCompile Include="third_party\libchdr\src\libchdr_codec_cdzs.c">
      <Filter>Source Files</Filter>
    </ClCompile>
    <ClCompile Include="third_party\libchdr\src\libchdr_codec_flac.c">
      <Filter>Source Files</Filter>
    </ClCompile>
    <ClCompile Include="third_party\libchdr\src\libchdr_codec_huff.c">
      <Filter>Source Files</Filter>
    </ClCompile>
    <ClCompile Include="third_party\libchdr\src\libchdr_codec_lzma.c">
      <Filter>Source Files</Filter>
    </ClCompile>
    <ClCompile Include="third_party\libchdr\src\libchdr_codec_zlib.c">
      <Filter>Source Files</Filter>
    </ClCompile>
    <ClCompile Include="third_party\libchdr\src\libchdr_codec_zstd.c">
      <Filter>Source Files</Filter>
    </ClCompile>
    <ClCompile Include="third_party\libchdr\src\libchdr_flac.c">
      <Filter>Source Files</Filter>
    </ClCompile>
    <ClCompile Include="third_party\libchdr\src\libchdr_huffman.c">
      <Filter>Source Files</Filter>
    </ClCompile>
    <ClCompile Include="third_party\libchdr\deps\lzma-25.01\src\LzmaDec.c">
      <Filter>Source Files</Filter>
    </ClCompile>
    <ClCompile Include="third_party\libchdr\deps\miniz-3.1.1\miniz.c">
      <Filter>Source Files</Filter>
    </ClCompile>
    <ClCompile Include="third_party\libchdr\deps\zstd-1.5.7\zstddeclib.c">
      <Filter>Source Files</Filter>
    </ClCompile>
    <ClCompile Include="src\archive.cpp">
      <Filter>Source Files</Filter>
    </ClCompile>
    <ClCompile Include="src\audio.cpp">
      <Filter>Source Files</Filter>
    </ClCompile>
    <ClCompile Include="src\bdma_type12.cpp">
      <Filter>Source Files</Filter>
    </ClCompile>
    <ClCompile Include="src\bdma_type5.cpp">
      <Filter>Source Files</Filter>
    </ClCompile>
    <ClCompile Include="src\bdma_type8.cpp">
      <Filter>Source Files</Filter>
    </ClCompile>
    <ClCompile Include="src\bdma_type9.cpp">
      <Filter>Source Files</Filter>
    </ClCompile>
    <ClCompile Include="src\bios.cpp">
      <Filter>Source Files</Filter>
    </ClCompile>
    <ClCompile Include="src\byteswap.cpp">
      <Filter>Source Files</Filter>
    </ClCompile>
    <ClCompile Include="src\coff.cpp">
      <Filter>Source Files</Filter>
    </ClCompile>
    <ClCompile Include="src\comm.cpp">
      <Filter>Source Files</Filter>
    </ClCompile>
    <ClCompile Include="src\DecodeALU.cpp">
      <Filter>Source Files</Filter>
    </ClCompile>
    <ClCompile Include="src\DecodeECU.cpp">
      <Filter>Source Files</Filter>
    </ClCompile>
    <ClCompile Include="src\DecodeMEM.cpp">
      <Filter>Source Files</Filter>
    </ClCompile>
    <ClCompile Include="src\DecodeMUL.cpp">
      <Filter>Source Files</Filter>
    </ClCompile>
    <ClCompile Include="src\DecodeRCU.cpp">
      <Filter>Source Files</Filter>
    </ClCompile>
    <ClCompile Include="src\dma.cpp">
      <Filter>Source Files</Filter>
    </ClCompile>
    <ClCompile Include="src\EmitALU.cpp">
      <Filter>Source Files</Filter>
    </ClCompile>
    <ClCompile Include="src\EmitECU.cpp">
      <Filter>Source Files</Filter>
    </ClCompile>
    <ClCompile Include="src\EmitMEM.cpp">
      <Filter>Source Files</Filter>
    </ClCompile>
    <ClCompile Include="src\EmitMisc.cpp">
      <Filter>Source Files</Filter>
    </ClCompile>
    <ClCompile Include="src\EmitMUL.cpp">
      <Filter>Source Files</Filter>
    </ClCompile>
    <ClCompile Include="src\EmitRCU.cpp">
      <Filter>Source Files</Filter>
    </ClCompile>
    <ClCompile Include="src\ExecuteALU.cpp">
      <Filter>Source Files</Filter>
    </ClCompile>
    <ClCompile Include="src\ExecuteECU.cpp">
      <Filter>Source Files</Filter>
    </ClCompile>
    <ClCompile Include="src\ExecuteMEM.cpp">
      <Filter>Source Files</Filter>
    </ClCompile>
    <ClCompile Include="src\ExecuteMisc.cpp">
      <Filter>Source Files</Filter>
    </ClCompile>
    <ClCompile Include="src\ExecuteMUL.cpp">
      <Filter>Source Files</Filter>
    </ClCompile>
    <ClCompile Include="src\ExecuteRCU.cpp">
      <Filter>Source Files</Filter>
    </ClCompile>
    <ClCompile Include="src\file.cpp">
      <Filter>Source Files</Filter>
    </ClCompile>
    <ClCompile Include="src\FlashEEPROM.cpp">
      <Filter>Source Files</Filter>
    </ClCompile>
    <ClCompile Include="src\GLWindow.cpp">
      <Filter>Source Files</Filter>
    </ClCompile>
    <ClCompile Include="src\InstructionCache.cpp">
      <Filter>Source Files</Filter>
    </ClCompile>
    <ClCompile Include="src\joystick.cpp">
      <Filter>Source Files</Filter>
    </ClCompile>
    <ClCompile Include="src\media.cpp">
      <Filter>Source Files</Filter>
    </ClCompile>
    <ClCompile Include="src\memory.cpp">
      <Filter>Source Files</Filter>
    </ClCompile>
    <ClCompile Include="src\MemoryManager.cpp">
      <Filter>Source Files</Filter>
    </ClCompile>
    <ClCompile Include="src\mpe.cpp">
      <Filter>Source Files</Filter>
    </ClCompile>
    <ClCompile Include="src\mpe_alloc.cpp">
      <Filter>Source Files</Filter>
    </ClCompile>
    <ClCompile Include="src\MPEControlRegisters.cpp">
      <Filter>Source Files</Filter>
    </ClCompile>
    <ClCompile Include="src\nativecodecache.cpp">
      <Filter>Source Files</Filter>
    </ClCompile>
    <ClCompile Include="src\NuanceMain.cpp">
      <Filter>Source Files</Filter>
    </ClCompile>
    <ClCompile Include="src\NuonEnvironment.cpp">
      <Filter>Source Files</Filter>
    </ClCompile>
    <ClCompile Include="src\NuonMemoryManager.cpp">
      <Filter>Source Files</Filter>
    </ClCompile>
    <ClCompile Include="src\nuonrom.cpp">
      <Filter>Source Files</Filter>
    </ClCompile>
    <ClCompile Include="src\OverlayManager.cpp">
      <Filter>Source Files</Filter>
    </ClCompile>
    <ClCompile Include="src\PageMap.cpp">
      <Filter>Source Files</Filter>
    </ClCompile>
    <ClCompile Include="src\PatchManager.cpp">
      <Filter>Source Files</Filter>
    </ClCompile>
    <ClCompile Include="src\PerformanceTimer.cpp">
      <Filter>Source Files</Filter>
    </ClCompile>
    <ClCompile Include="src\PresentationEngine.cpp">
      <Filter>Source Files</Filter>
    </ClCompile>
    <ClCompile Include="src\PrintALU.cpp">
      <Filter>Source Files</Filter>
    </ClCompile>
    <ClCompile Include="src\PrintECU.cpp">
      <Filter>Source Files</Filter>
    </ClCompile>
    <ClCompile Include="src\PrintMEM.cpp">
      <Filter>Source Files</Filter>
    </ClCompile>
    <ClCompile Include="src\PrintMisc.cpp">
      <Filter>Source Files</Filter>
    </ClCompile>
    <ClCompile Include="src\PrintMUL.cpp">
      <Filter>Source Files</Filter>
    </ClCompile>
    <ClCompile Include="src\PrintRCU.cpp">
      <Filter>Source Files</Filter>
    </ClCompile>
    <ClCompile Include="src\PropagateConstants_ALU.cpp">
      <Filter>Source Files</Filter>
    </ClCompile>
    <ClCompile Include="src\PropagateConstants_ECU.cpp">
      <Filter>Source Files</Filter>
    </ClCompile>
    <ClCompile Include="src\PropagateConstants_MEM.cpp">
      <Filter>Source Files</Filter>
    </ClCompile>
    <ClCompile Include="src\PropagateConstants_MUL.cpp">
      <Filter>Source Files</Filter>
    </ClCompile>
    <ClCompile Include="src\PropagateConstants_RCU.cpp">
      <Filter>Source Files</Filter>
    </ClCompile>
    <ClCompile Include="src\PropagateConstantsHandlers.cpp">
      <Filter>Source Files</Filter>
    </ClCompile>
    <ClCompile Include="src\ShaderProgram.cpp">
      <Filter>Source Files</Filter>
    </ClCompile>
    <ClCompile Include="src\SuperBlock.cpp">
      <Filter>Source Files</Filter>
    </ClCompile>
    <ClCompile Include="src\SuperBlockConstants.cpp">
      <Filter>Source Files</Filter>
    </ClCompile>
    <ClCompile Include="src\Syscall.cpp">
      <Filter>Source Files</Filter>
    </ClCompile>
    <ClCompile Include="src\TestConditionCode.cpp">
      <Filter>Source Files</Filter>
    </ClCompile>
    <ClCompile Include="src\timer.cpp">
      <Filter>Source Files</Filter>
    </ClCompile>
    <ClCompile Include="src\Utility.cpp">
      <Filter>Source Files</Filter>
    </ClCompile>
    <ClCompile Include="src\video.cpp">
      <Filter>Source Files</Filter>
    </ClCompile>
    <ClCompile Include="src\CriticalSection.cpp">
      <Filter>Source Files</Filter>
    </ClCompile>
    <ClCompile Include="src\InputManager.cpp">
      <Filter>Source Files</Filter>
    </ClCompile>
  </ItemGroup>
  <ItemGroup>
    <ClInclude Include="src\audio.h">
      <Filter>Header Files</Filter>
    </ClInclude>
    <ClInclude Include="src\basetypes.h">
      <Filter>Header Files</Filter>
    </ClInclude>
    <ClInclude Include="src\bdma_type12.h">
      <Filter>Header Files</Filter>
    </ClInclude>
    <ClInclude Include="src\bdma_type5.h">
      <Filter>Header Files</Filter>
    </ClInclude>
    <ClInclude Include="src\bdma_type9.h">
      <Filter>Header Files</Filter>
    </ClInclude>
    <ClInclude Include="src\Bios.h">
      <Filter>Header Files</Filter>
    </ClInclude>
    <ClInclude Include="src\byteswap.h">
      <Filter>Header Files</Filter>
    </ClInclude>
    <ClInclude Include="src\coff.h">
      <Filter>Header Files</Filter>
    </ClInclude>
    <ClInclude Include="src\comm.h">
      <Filter>Header Files</Filter>
    </ClInclude>
    <ClInclude Include="src\CriticalSection.h">
      <Filter>Header Files</Filter>
    </ClInclude>
    <ClInclude Include="src\DecodeALU.h">
      <Filter>Header Files</Filter>
    </ClInclude>
    <ClInclude Include="src\DecodeECU.h">
      <Filter>Header Files</Filter>
    </ClInclude>
    <ClInclude Include="src\DecodeMEM.h">
      <Filter>Header Files</Filter>
    </ClInclude>
    <ClInclude Include="src\DecodeMUL.h">
      <Filter>Header Files</Filter>
    </ClInclude>
    <ClInclude Include="src\DecodeRCU.h">
      <Filter>Header Files</Filter>
    </ClInclude>
    <ClInclude Include="src\dma.h">
      <Filter>Header Files</Filter>
    </ClInclude>
    <ClInclude Include="src\EmitALU.h">
      <Filter>Header Files</Filter>
    </ClInclude>
    <ClInclude Include="src\EmitECU.h">
      <Filter>Header Files</Filter>
    </ClInclude>
    <ClInclude Include="src\EmitMEM.h">
      <Filter>Header Files</Filter>
    </ClInclude>
    <ClInclude Include="src\EmitMisc.h">
      <Filter>Header Files</Filter>
    </ClInclude>
    <ClInclude Include="src\EmitMUL.h">
      <Filter>Header Files</Filter>
    </ClInclude>
    <ClInclude Include="src\EmitRCU.h">
      <Filter>Header Files</Filter>
    </ClInclude>
    <ClInclude Include="src\ExecuteALU.h">
      <Filter>Header Files</Filter>
    </ClInclude>
    <ClInclude Include="src\ExecuteECU.h">
      <Filter>Header Files</Filter>
    </ClInclude>
    <ClInclude Include="src\ExecuteMEM.h">
      <Filter>Header Files</Filter>
    </ClInclude>
    <ClInclude Include="src\ExecuteMisc.h">
      <Filter>Header Files</Filter>
    </ClInclude>
    <ClInclude Include="src\ExecuteMUL.h">
      <Filter>Header Files</Filter>
    </ClInclude>
    <ClInclude Include="src\ExecuteRCU.h">
      <Filter>Header Files</Filter>
    </ClInclude>
    <ClInclude Include="src\file.h">
      <Filter>Header Files</Filter>
    </ClInclude>
    <ClInclude Include="src\FlashEEPROM.h">
      <Filter>Header Files</Filter>
    </ClInclude>
    <ClInclude Include="src\GLWindow.h">
      <Filter>Header Files</Filter>
    </ClInclude>
    <ClInclude Include="src\Handlers.h">
      <Filter>Header Files</Filter>
    </ClInclude>
    <ClInclude Include="src\InstructionCache.h">
      <Filter>Header Files</Filter>
    </ClInclude>
    <ClInclude Include="src\InstructionDependencies.h">
      <Filter>Header Files</Filter>
    </ClInclude>
    <ClInclude Include="src\joystick.h">
      <Filter>Header Files</Filter>
    </ClInclude>
    <ClInclude Include="src\media.h">
      <Filter>Header Files</Filter>
    </ClInclude>
    <ClInclude Include="src\memory.h">
      <Filter>Header Files</Filter>
    </ClInclude>
    <ClInclude Include="src\MemoryManager.h">
      <Filter>Header Files</Filter>
    </ClInclude>
    <ClInclude Include="src\mpe.h">
      <Filter>Header Files</Filter>
    </ClInclude>
    <ClInclude Include="src\mpe_alloc.h">
      <Filter>Header Files</Filter>
    </ClInclude>
    <ClInclude Include="src\nativecodecache.h">
      <Filter>Header Files</Filter>
    </ClInclude>
    <ClInclude Include="src\NuanceRes.h">
      <Filter>Header Files</Filter>
    </ClInclude>
    <ClInclude Include="src\NuonEnvironment.h">
      <Filter>Header Files</Filter>
    </ClInclude>
    <ClInclude Include="src\NuonMemoryManager.h">
      <Filter>Header Files</Filter>
    </ClInclude>
    <ClInclude Include="src\NuonMemoryMap.h">
      <Filter>Header Files</Filter>
    </ClInclude>
    <ClInclude Include="src\nuonrom.h">
      <Filter>Header Files</Filter>
    </ClInclude>
    <ClInclude Include="src\OverlayManager.h">
      <Filter>Header Files</Filter>
    </ClInclude>
    <ClInclude Include="src\PageMap.h">
      <Filter>Header Files</Filter>
    </ClInclude>
    <ClInclude Include="src\PatchManager.h">
      <Filter>Header Files</Filter>
    </ClInclude>
    <ClInclude Include="src\PerformanceTimer.h">
      <Filter>Header Files</Filter>
    </ClInclude>
    <ClInclude Include="src\PrintALU.h">
      <Filter>Header Files</Filter>
    </ClInclude>
    <ClInclude Include="src\PrintECU.h">
      <Filter>Header Files</Filter>
    </ClInclude>
    <ClInclude Include="src\PrintMEM.h">
      <Filter>Header Files</Filter>
    </ClInclude>
    <ClInclude Include="src\PrintMisc.h">
      <Filter>Header Files</Filter>
    </ClInclude>
    <ClInclude Include="src\PrintMUL.h">
      <Filter>Header Files</Filter>
    </ClInclude>
    <ClInclude Include="src\PrintRCU.h">
      <Filter>Header Files</Filter>
    </ClInclude>
    <ClInclude Include="src\PropagateConstants.h">
      <Filter>Header Files</Filter>
    </ClInclude>
    <ClInclude Include="src\PropagateConstants_ALU.h">
      <Filter>Header Files</Filter>
    </ClInclude>
    <ClInclude Include="src\PropagateConstants_ECU.h">
      <Filter>Header Files</Filter>
    </ClInclude>
    <ClInclude Include="src\PropagateConstants_MEM.h">
      <Filter>Header Files</Filter>
    </ClInclude>
    <ClInclude Include="src\PropagateConstants_MUL.h">
      <Filter>Header Files</Filter>
    </ClInclude>
    <ClInclude Include="src\PropagateConstants_RCU.h">
      <Filter>Header Files</Filter>
    </ClInclude>
    <ClInclude Include="src\resource.h">
      <Filter>Header Files</Filter>
    </ClInclude>
    <ClInclude Include="src\ShaderProgram.h">
      <Filter>Header Files</Filter>
    </ClInclude>
    <ClInclude Include="src\SuperBlock.h">
      <Filter>Header Files</Filter>
    </ClInclude>
    <ClInclude Include="src\SuperBlockConstants.h">
      <Filter>Header Files</Filter>
    </ClInclude>
    <ClInclude Include="src\Syscall.h">
      <Filter>Header Files</Filter>
    </ClInclude>
    <ClInclude Include="src\timer.h">
      <Filter>Header Files</Filter>
    </ClInclude>
    <ClInclude Include="src\Utility.h">
      <Filter>Header Files</Filter>
    </ClInclude>
    <ClInclude Include="src\video.h">
      <Filter>Header Files</Filter>
    </ClInclude>
    <ClInclude Include="src\X86EmitTypes.h">
      <Filter>Header Files</Filter>
    </ClInclude>
    <ClInclude Include="src\bdma_type8.h">
      <Filter>Header Files</Filter>
    </ClInclude>
    <ClInclude Include="src\PresentationEngine.h">
      <Filter>Header Files</Filter>
    </ClInclude>
    <ClInclude Include="external\miniaudio.h">
      <Filter>Header Files</Filter>
    </ClInclude>
    <ClInclude Include="third_party\libchdr\include\libchdr\chd.h">
      <Filter>Header Files</Filter>
    </ClInclude>
    <ClInclude Include="src\archive.h">
      <Filter>Header Files</Filter>
    </ClInclude>
    <ClInclude Include="external\glew-2.3.1\include\GL\glew.h">
      <Filter>Header Files</Filter>
    </ClInclude>
    <ClInclude Include="external\glew-2.3.1\include\GL\wglew.h">
      <Filter>Header Files</Filter>
    </ClInclude>
    <ClInclude Include="external\xxh3.h">
      <Filter>Header Files</Filter>
    </ClInclude>
    <ClInclude Include="external\xxhash.h">
      <Filter>Header Files</Filter>
    </ClInclude>
    <ClInclude Include="src\InputManager.h">
      <Filter>Header Files</Filter>
    </ClInclude>
    <ClInclude Include="src\NuanceMain.h">
      <Filter>Header Files</Filter>
    </ClInclude>
    <ClInclude Include="src\iso9660.h">
      <Filter>Header Files</Filter>
    </ClInclude>
  </ItemGroup>
  <ItemGroup>
    <Image Include="bitmap1.bmp">
      <Filter>Resource Files</Filter>
    </Image>
    <Image Include="led_off.bmp">
      <Filter>Resource Files</Filter>
    </Image>
    <Image Include="led_on.bmp">
      <Filter>Resource Files</Filter>
    </Image>
    <Image Include="Nuance.ico">
      <Filter>Resource Files</Filter>
    </Image>
    <Image Include="NuanceLogo.bmp">
      <Filter>Resource Files</Filter>
    </Image>
  </ItemGroup>
  <ItemGroup>
    <ResourceCompile Include="Nuance.rc">
      <Filter>Resource Files</Filter>
    </ResourceCompile>
  </ItemGroup>
</Project>